// !$*UTF8*$!
{
	archiveVersion = 1;
	classes = {
	};
	objectVersion = 46;
	objects = {

/* Begin PBXBuildFile section */
		0207DA581B56EA530066E2B4 /* Images.xcassets in Resources */ = {isa = PBXBuildFile; fileRef = 0207DA571B56EA530066E2B4 /* Images.xcassets */; };
		1D3623260D0F684500981E51 /* AppDelegate.m in Sources */ = {isa = PBXBuildFile; fileRef = 1D3623250D0F684500981E51 /* AppDelegate.m */; };
		1D60589B0D05DD56006BFB54 /* main.m in Sources */ = {isa = PBXBuildFile; fileRef = 29B97316FDCFA39411CA2CEA /* main.m */; };
		301BF552109A68D80062928A /* libCordova.a in Frameworks */ = {isa = PBXBuildFile; fileRef = 301BF535109A57CC0062928A /* libCordova.a */; settings = {ATTRIBUTES = (Required, ); }; };
		302D95F114D2391D003F00A1 /* MainViewController.m in Sources */ = {isa = PBXBuildFile; fileRef = 302D95EF14D2391D003F00A1 /* MainViewController.m */; };
		302D95F214D2391D003F00A1 /* MainViewController.xib in Resources */ = {isa = PBXBuildFile; fileRef = 302D95F014D2391D003F00A1 /* MainViewController.xib */; };
		6AFF5BF91D6E424B00AB3073 /* CDVLaunchScreen.storyboard in Resources */ = {isa = PBXBuildFile; fileRef = 6AFF5BF81D6E424B00AB3073 /* CDVLaunchScreen.storyboard */; };
		654EA02198C846609BBF5851 /* CDVDevice.m in Sources */ = {isa = PBXBuildFile; fileRef = 4293CF95982C432E923BC76F /* CDVDevice.m */; };
		0B89D53B04954109BFADB6BD /* CDVGlobalization.m in Sources */ = {isa = PBXBuildFile; fileRef = 3970CC4488A347FA81D83D38 /* CDVGlobalization.m */; };
		AC7D19CAB8D842E9B25D0AC4 /* CDVSplashScreen.m in Sources */ = {isa = PBXBuildFile; fileRef = 7AC9A221CD1142A284FF36D6 /* CDVSplashScreen.m */; };
		6A4C438AB7A347129087C9A0 /* CDVViewController+SplashScreen.m in Sources */ = {isa = PBXBuildFile; fileRef = BCA9C0481B1045BC9E9DE41C /* CDVViewController+SplashScreen.m */; };
		E1B6EAD6B1FA4FB0BEBA2BD7 /* CDVStatusBar.m in Sources */ = {isa = PBXBuildFile; fileRef = 3CFD8FA3B7C14AEEB3BB00B3 /* CDVStatusBar.m */; };
		B82E89533C8C469E8D7DC15A /* CDVInAppBrowser.m in Sources */ = {isa = PBXBuildFile; fileRef = F796EAB8F6FA473E848FD3DD /* CDVInAppBrowser.m */; };
		E31A31401F1F4E02AD45B4FF /* CDVInAppBrowserOptions.m in Sources */ = {isa = PBXBuildFile; fileRef = B7B33F5B0788499387A856B5 /* CDVInAppBrowserOptions.m */; };
		2533743563A148E28042B527 /* CDVInAppBrowserNavigationController.m in Sources */ = {isa = PBXBuildFile; fileRef = 94CA9843835E4106B636DB8D /* CDVInAppBrowserNavigationController.m */; };
		9EFA9995F35244E0B1AD0D32 /* CDVUIInAppBrowser.m in Sources */ = {isa = PBXBuildFile; fileRef = 4049EE400F6F47B397B81FB3 /* CDVUIInAppBrowser.m */; };
		D1DFDDDEF6AF4D7AABC4252B /* CDVWKInAppBrowser.m in Sources */ = {isa = PBXBuildFile; fileRef = 3BD2FFFDD1014BC58A54DAC6 /* CDVWKInAppBrowser.m */; };
		238E4BE116414174B3DBC1B1 /* CDVWKInAppBrowserUIDelegate.m in Sources */ = {isa = PBXBuildFile; fileRef = A067D424A6F5441C9077978E /* CDVWKInAppBrowserUIDelegate.m */; };
		8420ACD5036D4863AC4CCBD3 /* Toast+UIView.m in Sources */ = {isa = PBXBuildFile; fileRef = 07994E350797456994222DB9 /* Toast+UIView.m */; };
		2192B455174243A885BD81F2 /* Toast.m in Sources */ = {isa = PBXBuildFile; fileRef = 5AE38040C5214AD2B1FF22E9 /* Toast.m */; };
		9A11A71A07DC45A388B30335 /* QuartzCore.framework in Frameworks */ = {isa = PBXBuildFile; fileRef = B70285745D89432AB4A8EF11 /* QuartzCore.framework */; };
		5288126E3C72403DB2D01818 /* CDVClipboard.m in Sources */ = {isa = PBXBuildFile; fileRef = 00A1A59E38C5477CABF871E2 /* CDVClipboard.m */; };
		4B31E97D6CCF4C4BA17BDC17 /* CDVSpinnerDialog.m in Sources */ = {isa = PBXBuildFile; fileRef = 7F66868DB55D4E849B83C529 /* CDVSpinnerDialog.m */; };
		CEA50B7050114B14994B33B1 /* CDVNotification.m in Sources */ = {isa = PBXBuildFile; fileRef = EA96177C4E314349BEFB3C03 /* CDVNotification.m */; };
		19AA3D6AC59B4B3CACC225FE /* CDVNotification.bundle in Resources */ = {isa = PBXBuildFile; fileRef = 61A9118AFB0443EFA44C8E2B /* CDVNotification.bundle */; };
		9C4FD41A22E64EFA9A44F2F1 /* AudioToolbox.framework in Frameworks */ = {isa = PBXBuildFile; fileRef = 0F8CEC2E3EBB4AE59AB51C8B /* AudioToolbox.framework */; settings = {ATTRIBUTES = (Weak, ); }; };
		5497A98D0F8D48CE9A3C320B /* CDVConnection.m in Sources */ = {isa = PBXBuildFile; fileRef = 202E3A7277A443A0B18AF689 /* CDVConnection.m */; };
		0B85076432D54B3686EF7700 /* CDVReachability.m in Sources */ = {isa = PBXBuildFile; fileRef = E0330BC4B5CB445BB6B6915E /* CDVReachability.m */; };
		C749FF8D0AFB49228EF330CD /* SystemConfiguration.framework in Frameworks */ = {isa = PBXBuildFile; fileRef = EB25274F2AF34405AE56EF79 /* SystemConfiguration.framework */; settings = {ATTRIBUTES = (Weak, ); }; };
		AA6515D1D1844653958C3C1F /* CoreTelephony.framework in Frameworks */ = {isa = PBXBuildFile; fileRef = 13A184FE6C634930902E678C /* CoreTelephony.framework */; };
		1D16F13A4ADD41F68A041123 /* UICKeyChainStore.m in Sources */ = {isa = PBXBuildFile; fileRef = C0ED3CD98597495ABA674C85 /* UICKeyChainStore.m */; };
		7C8E6BFFC35745E9AFAB8CF2 /* CDVUniqueDeviceID.m in Sources */ = {isa = PBXBuildFile; fileRef = C50B79C9BF094DAD84C7FD6F /* CDVUniqueDeviceID.m */; };
		D7BCD780166D44EE87DA0848 /* Security.framework in Frameworks */ = {isa = PBXBuildFile; fileRef = 23491C9FADA44EAFAC976610 /* Security.framework */; };
		07EBFA64A10941AA84EE12A0 /* CDVFile.m in Sources */ = {isa = PBXBuildFile; fileRef = F4E33969B70E408780461BA9 /* CDVFile.m */; };
		13975E75822C4BA7821308D3 /* CDVLocalFilesystem.m in Sources */ = {isa = PBXBuildFile; fileRef = 3582E430A57249699AED74D8 /* CDVLocalFilesystem.m */; };
		9485E7E441DF40F794590AF1 /* CDVAssetLibraryFilesystem.m in Sources */ = {isa = PBXBuildFile; fileRef = A655872B76E74A079B7F48A9 /* CDVAssetLibraryFilesystem.m */; };
		41F569576AC84737BF9F2C10 /* TouchID.m in Sources */ = {isa = PBXBuildFile; fileRef = 9578FF224238455390F453ED /* TouchID.m */; };
		AAA8AD39E65E43EA814DB6D5 /* LocalAuthentication.framework in Frameworks */ = {isa = PBXBuildFile; fileRef = A712BB015BB84A1FB37D532A /* LocalAuthentication.framework */; };
		1CEC49314EF245349CEAD0E5 /* CDVOrientation.m in Sources */ = {isa = PBXBuildFile; fileRef = 672675202CB14C809CCB969E /* CDVOrientation.m */; };
		4BF599C14C5943C2AE1AA380 /* IonicKeyboard.m in Sources */ = {isa = PBXBuildFile; fileRef = A8BFBC7ACA294F988FDE1D7B /* IonicKeyboard.m */; };
		0F704F7D6BF54B6EA9B5F4EB /* QRScanner.swift in Sources */ = {isa = PBXBuildFile; fileRef = 8DC33A20608E4D44ADC8BECC /* QRScanner.swift */; };
		2267586F249B435AB55AA9D9 /* CDVWKWebViewEngine.m in Sources */ = {isa = PBXBuildFile; fileRef = D41EC166ACC04D53A3F72B73 /* CDVWKWebViewEngine.m */; };
		4E6130D9CA504D61977C0997 /* CDVWKWebViewUIDelegate.m in Sources */ = {isa = PBXBuildFile; fileRef = 19B74EDA98D94672A76D7ED1 /* CDVWKWebViewUIDelegate.m */; };
		3DA70E7454A44AD49DD21FC2 /* CDVWKProcessPoolFactory.m in Sources */ = {isa = PBXBuildFile; fileRef = BEC19B37DFEC44E4BC69A125 /* CDVWKProcessPoolFactory.m */; };
		885DCDF8F4214D3ABF367D48 /* IONAssetHandler.m in Sources */ = {isa = PBXBuildFile; fileRef = 29D0071646874A4484460AB1 /* IONAssetHandler.m */; };
		66B43B752B904D6684D2D741 /* WebKit.framework in Frameworks */ = {isa = PBXBuildFile; fileRef = C773D6A962BB40E8BE7297C1 /* WebKit.framework */; settings = {ATTRIBUTES = (Weak, ); }; };
		B72629CE5F3A41CBB36495DE /* CDVSound.m in Sources */ = {isa = PBXBuildFile; fileRef = 2BB587C8FBB74CE78785FDAC /* CDVSound.m */; };
		85C23182A094462B895CBDBE /* NfcPlugin.m in Sources */ = {isa = PBXBuildFile; fileRef = CA6083CB8C4244A9A5A3B2E7 /* NfcPlugin.m */; };
		2BD84C2F336645D084A75834 /* CoreNFC.framework in Frameworks */ = {isa = PBXBuildFile; fileRef = C034CA3F4B8C41FE97EBAF98 /* CoreNFC.framework */; };
/* End PBXBuildFile section */

/* Begin PBXContainerItemProxy section */
		301BF534109A57CC0062928A /* PBXContainerItemProxy */ = {
			isa = PBXContainerItemProxy;
			containerPortal = 301BF52D109A57CC0062928A /* CordovaLib.xcodeproj */;
			proxyType = 2;
			remoteGlobalIDString = D2AAC07E0554694100DB518D;
			remoteInfo = CordovaLib;
		};
		301BF550109A68C00062928A /* PBXContainerItemProxy */ = {
			isa = PBXContainerItemProxy;
			containerPortal = 301BF52D109A57CC0062928A /* CordovaLib.xcodeproj */;
			proxyType = 1;
			remoteGlobalIDString = D2AAC07D0554694100DB518D;
			remoteInfo = CordovaLib;
		};
		907D8123214C687600058A10 /* PBXContainerItemProxy */ = {
			isa = PBXContainerItemProxy;
			containerPortal = 301BF52D109A57CC0062928A /* CordovaLib.xcodeproj */;
			proxyType = 2;
			remoteGlobalIDString = C0C01EB21E3911D50056E6CB;
			remoteInfo = Cordova;
		};
/* End PBXContainerItemProxy section */

/* Begin PBXFileReference section */
		0207DA571B56EA530066E2B4 /* Images.xcassets */ = {isa = PBXFileReference; lastKnownFileType = folder.assetcatalog; name = Images.xcassets; path = "Bitcoin Black Wallet/Images.xcassets"; sourceTree = SOURCE_ROOT; };
		1D3623240D0F684500981E51 /* AppDelegate.h */ = {isa = PBXFileReference; fileEncoding = 4; lastKnownFileType = sourcecode.c.h; path = AppDelegate.h; sourceTree = "<group>"; };
		1D3623250D0F684500981E51 /* AppDelegate.m */ = {isa = PBXFileReference; fileEncoding = 4; lastKnownFileType = sourcecode.c.objc; path = AppDelegate.m; sourceTree = "<group>"; };
		1D6058910D05DD3D006BFB54 /* Bitcoin Black Wallet.app */ = {isa = PBXFileReference; explicitFileType = wrapper.application; includeInIndex = 0; path = "Bitcoin Black Wallet.app"; sourceTree = BUILT_PRODUCTS_DIR; };
		29B97316FDCFA39411CA2CEA /* main.m */ = {isa = PBXFileReference; fileEncoding = 4; lastKnownFileType = sourcecode.c.objc; path = main.m; sourceTree = "<group>"; };
		301BF52D109A57CC0062928A /* CordovaLib.xcodeproj */ = {isa = PBXFileReference; lastKnownFileType = "wrapper.pb-project"; name = CordovaLib.xcodeproj; path = CordovaLib/CordovaLib.xcodeproj; sourceTree = "<group>"; };
		301BF56E109A69640062928A /* www */ = {isa = PBXFileReference; lastKnownFileType = folder; path = www; sourceTree = SOURCE_ROOT; };
		302D95EE14D2391D003F00A1 /* MainViewController.h */ = {isa = PBXFileReference; fileEncoding = 4; lastKnownFileType = sourcecode.c.h; path = MainViewController.h; sourceTree = "<group>"; };
		302D95EF14D2391D003F00A1 /* MainViewController.m */ = {isa = PBXFileReference; fileEncoding = 4; lastKnownFileType = sourcecode.c.objc; path = MainViewController.m; sourceTree = "<group>"; };
		302D95F014D2391D003F00A1 /* MainViewController.xib */ = {isa = PBXFileReference; fileEncoding = 4; lastKnownFileType = file.xib; path = MainViewController.xib; sourceTree = "<group>"; };
		3047A50F1AB8059700498E2A /* build-debug.xcconfig */ = {isa = PBXFileReference; fileEncoding = 4; lastKnownFileType = text.xcconfig; name = "build-debug.xcconfig"; path = "cordova/build-debug.xcconfig"; sourceTree = SOURCE_ROOT; };
		3047A5101AB8059700498E2A /* build-release.xcconfig */ = {isa = PBXFileReference; fileEncoding = 4; lastKnownFileType = text.xcconfig; name = "build-release.xcconfig"; path = "cordova/build-release.xcconfig"; sourceTree = SOURCE_ROOT; };
		3047A5111AB8059700498E2A /* build.xcconfig */ = {isa = PBXFileReference; fileEncoding = 4; lastKnownFileType = text.xcconfig; name = build.xcconfig; path = cordova/build.xcconfig; sourceTree = SOURCE_ROOT; };
		32CA4F630368D1EE00C91783 /* Bitcoin Black Wallet-Prefix.pch */ = {isa = PBXFileReference; fileEncoding = 4; lastKnownFileType = sourcecode.c.h; path = "Bitcoin Black Wallet-Prefix.pch"; sourceTree = "<group>"; };
		6AFF5BF81D6E424B00AB3073 /* CDVLaunchScreen.storyboard */ = {isa = PBXFileReference; fileEncoding = 4; lastKnownFileType = file.storyboard; name = CDVLaunchScreen.storyboard; path = "Bitcoin Black Wallet/CDVLaunchScreen.storyboard"; sourceTree = SOURCE_ROOT; };
		8D1107310486CEB800E47090 /* Bitcoin Black Wallet-Info.plist */ = {isa = PBXFileReference; fileEncoding = 4; lastKnownFileType = text.plist.xml; name = "Bitcoin Black Wallet-Info.plist"; path = "Bitcoin Black Wallet/Bitcoin Black Wallet-Info.plist"; plistStructureDefinitionIdentifier = "com.apple.xcode.plist.structure-definition.iphone.info-plist"; sourceTree = SOURCE_ROOT; };
		EB87FDF31871DA8E0020F90C /* www */ = {isa = PBXFileReference; lastKnownFileType = folder; name = www; path = ../../www; sourceTree = "<group>"; };
		EB87FDF41871DAF40020F90C /* config.xml */ = {isa = PBXFileReference; lastKnownFileType = text.xml; name = config.xml; path = ../../config.xml; sourceTree = "<group>"; };
		ED33DF2A687741AEAF9F8254 /* Bridging-Header.h */ = {isa = PBXFileReference; fileEncoding = 4; lastKnownFileType = sourcecode.c.h; name = "Bridging-Header.h"; path = "Bridging-Header.h"; sourceTree = "<group>"; };
		F840E1F0165FE0F500CFE078 /* config.xml */ = {isa = PBXFileReference; lastKnownFileType = text.xml; name = config.xml; path = "Bitcoin Black Wallet/config.xml"; sourceTree = "<group>"; };
		4293CF95982C432E923BC76F /* CDVDevice.m */ = {isa = PBXFileReference; name = "CDVDevice.m"; path = "cordova-plugin-device/CDVDevice.m"; sourceTree = "<group>"; fileEncoding = 4; lastKnownFileType = sourcecode.c.objc; explicitFileType = undefined; includeInIndex = 0; };
		E88AB84D8BCF481D9032959F /* CDVDevice.h */ = {isa = PBXFileReference; name = "CDVDevice.h"; path = "cordova-plugin-device/CDVDevice.h"; sourceTree = "<group>"; fileEncoding = 4; lastKnownFileType = sourcecode.c.h; explicitFileType = undefined; includeInIndex = 0; };
		3970CC4488A347FA81D83D38 /* CDVGlobalization.m */ = {isa = PBXFileReference; name = "CDVGlobalization.m"; path = "cordova-plugin-globalization/CDVGlobalization.m"; sourceTree = "<group>"; fileEncoding = 4; lastKnownFileType = sourcecode.c.objc; explicitFileType = undefined; includeInIndex = 0; };
		2303F58354B14735A49147F3 /* CDVGlobalization.h */ = {isa = PBXFileReference; name = "CDVGlobalization.h"; path = "cordova-plugin-globalization/CDVGlobalization.h"; sourceTree = "<group>"; fileEncoding = 4; lastKnownFileType = sourcecode.c.h; explicitFileType = undefined; includeInIndex = 0; };
		7AC9A221CD1142A284FF36D6 /* CDVSplashScreen.m */ = {isa = PBXFileReference; name = "CDVSplashScreen.m"; path = "cordova-plugin-splashscreen/CDVSplashScreen.m"; sourceTree = "<group>"; fileEncoding = 4; lastKnownFileType = sourcecode.c.objc; explicitFileType = undefined; includeInIndex = 0; };
		BCA9C0481B1045BC9E9DE41C /* CDVViewController+SplashScreen.m */ = {isa = PBXFileReference; name = "CDVViewController+SplashScreen.m"; path = "cordova-plugin-splashscreen/CDVViewController+SplashScreen.m"; sourceTree = "<group>"; fileEncoding = 4; lastKnownFileType = sourcecode.c.objc; explicitFileType = undefined; includeInIndex = 0; };
		122241E891F04368AEB327B7 /* CDVSplashScreen.h */ = {isa = PBXFileReference; name = "CDVSplashScreen.h"; path = "cordova-plugin-splashscreen/CDVSplashScreen.h"; sourceTree = "<group>"; fileEncoding = 4; lastKnownFileType = sourcecode.c.h; explicitFileType = undefined; includeInIndex = 0; };
		267BF55AC4DF4E3A8542D8AF /* CDVViewController+SplashScreen.h */ = {isa = PBXFileReference; name = "CDVViewController+SplashScreen.h"; path = "cordova-plugin-splashscreen/CDVViewController+SplashScreen.h"; sourceTree = "<group>"; fileEncoding = 4; lastKnownFileType = sourcecode.c.h; explicitFileType = undefined; includeInIndex = 0; };
		3CFD8FA3B7C14AEEB3BB00B3 /* CDVStatusBar.m */ = {isa = PBXFileReference; name = "CDVStatusBar.m"; path = "cordova-plugin-statusbar/CDVStatusBar.m"; sourceTree = "<group>"; fileEncoding = 4; lastKnownFileType = sourcecode.c.objc; explicitFileType = undefined; includeInIndex = 0; };
		612C10DB3D2A4ADD9EFA553F /* CDVStatusBar.h */ = {isa = PBXFileReference; name = "CDVStatusBar.h"; path = "cordova-plugin-statusbar/CDVStatusBar.h"; sourceTree = "<group>"; fileEncoding = 4; lastKnownFileType = sourcecode.c.h; explicitFileType = undefined; includeInIndex = 0; };
		F796EAB8F6FA473E848FD3DD /* CDVInAppBrowser.m */ = {isa = PBXFileReference; name = "CDVInAppBrowser.m"; path = "cordova-plugin-inappbrowser/CDVInAppBrowser.m"; sourceTree = "<group>"; fileEncoding = 4; lastKnownFileType = sourcecode.c.objc; explicitFileType = undefined; includeInIndex = 0; };
		B7B33F5B0788499387A856B5 /* CDVInAppBrowserOptions.m */ = {isa = PBXFileReference; name = "CDVInAppBrowserOptions.m"; path = "cordova-plugin-inappbrowser/CDVInAppBrowserOptions.m"; sourceTree = "<group>"; fileEncoding = 4; lastKnownFileType = sourcecode.c.objc; explicitFileType = undefined; includeInIndex = 0; };
		94CA9843835E4106B636DB8D /* CDVInAppBrowserNavigationController.m */ = {isa = PBXFileReference; name = "CDVInAppBrowserNavigationController.m"; path = "cordova-plugin-inappbrowser/CDVInAppBrowserNavigationController.m"; sourceTree = "<group>"; fileEncoding = 4; lastKnownFileType = sourcecode.c.objc; explicitFileType = undefined; includeInIndex = 0; };
		4049EE400F6F47B397B81FB3 /* CDVUIInAppBrowser.m */ = {isa = PBXFileReference; name = "CDVUIInAppBrowser.m"; path = "cordova-plugin-inappbrowser/CDVUIInAppBrowser.m"; sourceTree = "<group>"; fileEncoding = 4; lastKnownFileType = sourcecode.c.objc; explicitFileType = undefined; includeInIndex = 0; };
		3BD2FFFDD1014BC58A54DAC6 /* CDVWKInAppBrowser.m */ = {isa = PBXFileReference; name = "CDVWKInAppBrowser.m"; path = "cordova-plugin-inappbrowser/CDVWKInAppBrowser.m"; sourceTree = "<group>"; fileEncoding = 4; lastKnownFileType = sourcecode.c.objc; explicitFileType = undefined; includeInIndex = 0; };
		A067D424A6F5441C9077978E /* CDVWKInAppBrowserUIDelegate.m */ = {isa = PBXFileReference; name = "CDVWKInAppBrowserUIDelegate.m"; path = "cordova-plugin-inappbrowser/CDVWKInAppBrowserUIDelegate.m"; sourceTree = "<group>"; fileEncoding = 4; lastKnownFileType = sourcecode.c.objc; explicitFileType = undefined; includeInIndex = 0; };
		819F7AAA784D47918F40E8B5 /* CDVInAppBrowser.h */ = {isa = PBXFileReference; name = "CDVInAppBrowser.h"; path = "cordova-plugin-inappbrowser/CDVInAppBrowser.h"; sourceTree = "<group>"; fileEncoding = 4; lastKnownFileType = sourcecode.c.h; explicitFileType = undefined; includeInIndex = 0; };
		12CC03C61C0B478E9CDBC223 /* CDVInAppBrowserOptions.h */ = {isa = PBXFileReference; name = "CDVInAppBrowserOptions.h"; path = "cordova-plugin-inappbrowser/CDVInAppBrowserOptions.h"; sourceTree = "<group>"; fileEncoding = 4; lastKnownFileType = sourcecode.c.h; explicitFileType = undefined; includeInIndex = 0; };
		9729587DABED4A59BDBF83F0 /* CDVInAppBrowserNavigationController.h */ = {isa = PBXFileReference; name = "CDVInAppBrowserNavigationController.h"; path = "cordova-plugin-inappbrowser/CDVInAppBrowserNavigationController.h"; sourceTree = "<group>"; fileEncoding = 4; lastKnownFileType = sourcecode.c.h; explicitFileType = undefined; includeInIndex = 0; };
		66F7250A3A1F4011967AE3E9 /* CDVUIInAppBrowser.h */ = {isa = PBXFileReference; name = "CDVUIInAppBrowser.h"; path = "cordova-plugin-inappbrowser/CDVUIInAppBrowser.h"; sourceTree = "<group>"; fileEncoding = 4; lastKnownFileType = sourcecode.c.h; explicitFileType = undefined; includeInIndex = 0; };
		162BDE09D6684A0E8AD803D9 /* CDVWKInAppBrowser.h */ = {isa = PBXFileReference; name = "CDVWKInAppBrowser.h"; path = "cordova-plugin-inappbrowser/CDVWKInAppBrowser.h"; sourceTree = "<group>"; fileEncoding = 4; lastKnownFileType = sourcecode.c.h; explicitFileType = undefined; includeInIndex = 0; };
		A6AE9A10A89A49EFB9A1C3A6 /* CDVWKInAppBrowserUIDelegate.h */ = {isa = PBXFileReference; name = "CDVWKInAppBrowserUIDelegate.h"; path = "cordova-plugin-inappbrowser/CDVWKInAppBrowserUIDelegate.h"; sourceTree = "<group>"; fileEncoding = 4; lastKnownFileType = sourcecode.c.h; explicitFileType = undefined; includeInIndex = 0; };
		07994E350797456994222DB9 /* Toast+UIView.m */ = {isa = PBXFileReference; name = "Toast+UIView.m"; path = "cordova-plugin-x-toast/Toast+UIView.m"; sourceTree = "<group>"; fileEncoding = 4; lastKnownFileType = sourcecode.c.objc; explicitFileType = undefined; includeInIndex = 0; };
		5AE38040C5214AD2B1FF22E9 /* Toast.m */ = {isa = PBXFileReference; name = "Toast.m"; path = "cordova-plugin-x-toast/Toast.m"; sourceTree = "<group>"; fileEncoding = 4; lastKnownFileType = sourcecode.c.objc; explicitFileType = undefined; includeInIndex = 0; };
		90EA402507D440AA8A551F8F /* Toast+UIView.h */ = {isa = PBXFileReference; name = "Toast+UIView.h"; path = "cordova-plugin-x-toast/Toast+UIView.h"; sourceTree = "<group>"; fileEncoding = 4; lastKnownFileType = sourcecode.c.h; explicitFileType = undefined; includeInIndex = 0; };
		61DBC975A68C4963B2F4E1CB /* Toast.h */ = {isa = PBXFileReference; name = "Toast.h"; path = "cordova-plugin-x-toast/Toast.h"; sourceTree = "<group>"; fileEncoding = 4; lastKnownFileType = sourcecode.c.h; explicitFileType = undefined; includeInIndex = 0; };
		B70285745D89432AB4A8EF11 /* QuartzCore.framework */ = {isa = PBXFileReference; name = "QuartzCore.framework"; path = "System/Library/Frameworks/QuartzCore.framework"; sourceTree = SDKROOT; fileEncoding = undefined; lastKnownFileType = wrapper.framework; explicitFileType = undefined; includeInIndex = 0; };
		00A1A59E38C5477CABF871E2 /* CDVClipboard.m */ = {isa = PBXFileReference; name = "CDVClipboard.m"; path = "cordova-clipboard/CDVClipboard.m"; sourceTree = "<group>"; fileEncoding = 4; lastKnownFileType = sourcecode.c.objc; explicitFileType = undefined; includeInIndex = 0; };
		3171D7871EAE42EEAFD33287 /* CDVClipboard.h */ = {isa = PBXFileReference; name = "CDVClipboard.h"; path = "cordova-clipboard/CDVClipboard.h"; sourceTree = "<group>"; fileEncoding = 4; lastKnownFileType = sourcecode.c.h; explicitFileType = undefined; includeInIndex = 0; };
		7F66868DB55D4E849B83C529 /* CDVSpinnerDialog.m */ = {isa = PBXFileReference; name = "CDVSpinnerDialog.m"; path = "cordova-plugin-spinner-dialog/CDVSpinnerDialog.m"; sourceTree = "<group>"; fileEncoding = 4; lastKnownFileType = sourcecode.c.objc; explicitFileType = undefined; includeInIndex = 0; };
		2ADFF4F73E9F46629D2BF0F0 /* CDVSpinnerDialog.h */ = {isa = PBXFileReference; name = "CDVSpinnerDialog.h"; path = "cordova-plugin-spinner-dialog/CDVSpinnerDialog.h"; sourceTree = "<group>"; fileEncoding = 4; lastKnownFileType = sourcecode.c.h; explicitFileType = undefined; includeInIndex = 0; };
		EA96177C4E314349BEFB3C03 /* CDVNotification.m */ = {isa = PBXFileReference; name = "CDVNotification.m"; path = "cordova-plugin-dialogs/CDVNotification.m"; sourceTree = "<group>"; fileEncoding = 4; lastKnownFileType = sourcecode.c.objc; explicitFileType = undefined; includeInIndex = 0; };
		52C153DA208C4141B3120D66 /* CDVNotification.h */ = {isa = PBXFileReference; name = "CDVNotification.h"; path = "cordova-plugin-dialogs/CDVNotification.h"; sourceTree = "<group>"; fileEncoding = 4; lastKnownFileType = sourcecode.c.h; explicitFileType = undefined; includeInIndex = 0; };
		61A9118AFB0443EFA44C8E2B /* CDVNotification.bundle */ = {isa = PBXFileReference; name = "CDVNotification.bundle"; path = "CDVNotification.bundle"; sourceTree = "<group>"; fileEncoding = undefined; lastKnownFileType = wrapper.plug-in; explicitFileType = undefined; includeInIndex = 0; };
		0F8CEC2E3EBB4AE59AB51C8B /* AudioToolbox.framework */ = {isa = PBXFileReference; name = "AudioToolbox.framework"; path = "System/Library/Frameworks/AudioToolbox.framework"; sourceTree = SDKROOT; fileEncoding = undefined; lastKnownFileType = wrapper.framework; explicitFileType = undefined; includeInIndex = 0; };
		202E3A7277A443A0B18AF689 /* CDVConnection.m */ = {isa = PBXFileReference; name = "CDVConnection.m"; path = "cordova-plugin-network-information/CDVConnection.m"; sourceTree = "<group>"; fileEncoding = 4; lastKnownFileType = sourcecode.c.objc; explicitFileType = undefined; includeInIndex = 0; };
		E0330BC4B5CB445BB6B6915E /* CDVReachability.m */ = {isa = PBXFileReference; name = "CDVReachability.m"; path = "cordova-plugin-network-information/CDVReachability.m"; sourceTree = "<group>"; fileEncoding = 4; lastKnownFileType = sourcecode.c.objc; explicitFileType = undefined; includeInIndex = 0; };
		E74790F3B4E54C8C9C920D95 /* CDVConnection.h */ = {isa = PBXFileReference; name = "CDVConnection.h"; path = "cordova-plugin-network-information/CDVConnection.h"; sourceTree = "<group>"; fileEncoding = 4; lastKnownFileType = sourcecode.c.h; explicitFileType = undefined; includeInIndex = 0; };
		1769CEE320C541BA95F800DF /* CDVReachability.h */ = {isa = PBXFileReference; name = "CDVReachability.h"; path = "cordova-plugin-network-information/CDVReachability.h"; sourceTree = "<group>"; fileEncoding = 4; lastKnownFileType = sourcecode.c.h; explicitFileType = undefined; includeInIndex = 0; };
		EB25274F2AF34405AE56EF79 /* SystemConfiguration.framework */ = {isa = PBXFileReference; name = "SystemConfiguration.framework"; path = "System/Library/Frameworks/SystemConfiguration.framework"; sourceTree = SDKROOT; fileEncoding = undefined; lastKnownFileType = wrapper.framework; explicitFileType = undefined; includeInIndex = 0; };
		13A184FE6C634930902E678C /* CoreTelephony.framework */ = {isa = PBXFileReference; name = "CoreTelephony.framework"; path = "System/Library/Frameworks/CoreTelephony.framework"; sourceTree = SDKROOT; fileEncoding = undefined; lastKnownFileType = wrapper.framework; explicitFileType = undefined; includeInIndex = 0; };
		C0ED3CD98597495ABA674C85 /* UICKeyChainStore.m */ = {isa = PBXFileReference; name = "UICKeyChainStore.m"; path = "cordova-plugin-uniquedeviceid/UICKeyChainStore.m"; sourceTree = "<group>"; fileEncoding = 4; lastKnownFileType = sourcecode.c.objc; explicitFileType = undefined; includeInIndex = 0; };
		C50B79C9BF094DAD84C7FD6F /* CDVUniqueDeviceID.m */ = {isa = PBXFileReference; name = "CDVUniqueDeviceID.m"; path = "cordova-plugin-uniquedeviceid/CDVUniqueDeviceID.m"; sourceTree = "<group>"; fileEncoding = 4; lastKnownFileType = sourcecode.c.objc; explicitFileType = undefined; includeInIndex = 0; };
		639F896EB9EB4895876D9730 /* UICKeyChainStore.h */ = {isa = PBXFileReference; name = "UICKeyChainStore.h"; path = "cordova-plugin-uniquedeviceid/UICKeyChainStore.h"; sourceTree = "<group>"; fileEncoding = 4; lastKnownFileType = sourcecode.c.h; explicitFileType = undefined; includeInIndex = 0; };
		36BF2F139E5A4ACEB59D46EC /* CDVUniqueDeviceID.h */ = {isa = PBXFileReference; name = "CDVUniqueDeviceID.h"; path = "cordova-plugin-uniquedeviceid/CDVUniqueDeviceID.h"; sourceTree = "<group>"; fileEncoding = 4; lastKnownFileType = sourcecode.c.h; explicitFileType = undefined; includeInIndex = 0; };
		23491C9FADA44EAFAC976610 /* Security.framework */ = {isa = PBXFileReference; name = "Security.framework"; path = "System/Library/Frameworks/Security.framework"; sourceTree = SDKROOT; fileEncoding = undefined; lastKnownFileType = wrapper.framework; explicitFileType = undefined; includeInIndex = 0; };
		F4E33969B70E408780461BA9 /* CDVFile.m */ = {isa = PBXFileReference; name = "CDVFile.m"; path = "cordova-plugin-file/CDVFile.m"; sourceTree = "<group>"; fileEncoding = 4; lastKnownFileType = sourcecode.c.objc; explicitFileType = undefined; includeInIndex = 0; };
		3582E430A57249699AED74D8 /* CDVLocalFilesystem.m */ = {isa = PBXFileReference; name = "CDVLocalFilesystem.m"; path = "cordova-plugin-file/CDVLocalFilesystem.m"; sourceTree = "<group>"; fileEncoding = 4; lastKnownFileType = sourcecode.c.objc; explicitFileType = undefined; includeInIndex = 0; };
		A655872B76E74A079B7F48A9 /* CDVAssetLibraryFilesystem.m */ = {isa = PBXFileReference; name = "CDVAssetLibraryFilesystem.m"; path = "cordova-plugin-file/CDVAssetLibraryFilesystem.m"; sourceTree = "<group>"; fileEncoding = 4; lastKnownFileType = sourcecode.c.objc; explicitFileType = undefined; includeInIndex = 0; };
		EF5E1087C4B444E49B545CA4 /* CDVFile.h */ = {isa = PBXFileReference; name = "CDVFile.h"; path = "cordova-plugin-file/CDVFile.h"; sourceTree = "<group>"; fileEncoding = 4; lastKnownFileType = sourcecode.c.h; explicitFileType = undefined; includeInIndex = 0; };
		F93323105C084FB4AABC6BB8 /* CDVLocalFilesystem.h */ = {isa = PBXFileReference; name = "CDVLocalFilesystem.h"; path = "cordova-plugin-file/CDVLocalFilesystem.h"; sourceTree = "<group>"; fileEncoding = 4; lastKnownFileType = sourcecode.c.h; explicitFileType = undefined; includeInIndex = 0; };
		4B59C7FAD02C4CBE88C82B14 /* CDVAssetLibraryFilesystem.h */ = {isa = PBXFileReference; name = "CDVAssetLibraryFilesystem.h"; path = "cordova-plugin-file/CDVAssetLibraryFilesystem.h"; sourceTree = "<group>"; fileEncoding = 4; lastKnownFileType = sourcecode.c.h; explicitFileType = undefined; includeInIndex = 0; };
		9578FF224238455390F453ED /* TouchID.m */ = {isa = PBXFileReference; name = "TouchID.m"; path = "cordova-plugin-touch-id/TouchID.m"; sourceTree = "<group>"; fileEncoding = 4; lastKnownFileType = sourcecode.c.objc; explicitFileType = undefined; includeInIndex = 0; };
		F622B6AE4F9C4BAD805DD43D /* TouchID.h */ = {isa = PBXFileReference; name = "TouchID.h"; path = "cordova-plugin-touch-id/TouchID.h"; sourceTree = "<group>"; fileEncoding = 4; lastKnownFileType = sourcecode.c.h; explicitFileType = undefined; includeInIndex = 0; };
		A712BB015BB84A1FB37D532A /* LocalAuthentication.framework */ = {isa = PBXFileReference; name = "LocalAuthentication.framework"; path = "System/Library/Frameworks/LocalAuthentication.framework"; sourceTree = SDKROOT; fileEncoding = undefined; lastKnownFileType = wrapper.framework; explicitFileType = undefined; includeInIndex = 0; };
		672675202CB14C809CCB969E /* CDVOrientation.m */ = {isa = PBXFileReference; name = "CDVOrientation.m"; path = "cordova-plugin-screen-orientation/CDVOrientation.m"; sourceTree = "<group>"; fileEncoding = 4; lastKnownFileType = sourcecode.c.objc; explicitFileType = undefined; includeInIndex = 0; };
		D4C70F37B1F0497C8D6E0D33 /* CDVOrientation.h */ = {isa = PBXFileReference; name = "CDVOrientation.h"; path = "cordova-plugin-screen-orientation/CDVOrientation.h"; sourceTree = "<group>"; fileEncoding = 4; lastKnownFileType = sourcecode.c.h; explicitFileType = undefined; includeInIndex = 0; };
		A8BFBC7ACA294F988FDE1D7B /* IonicKeyboard.m */ = {isa = PBXFileReference; name = "IonicKeyboard.m"; path = "ionic-plugin-keyboard/IonicKeyboard.m"; sourceTree = "<group>"; fileEncoding = 4; lastKnownFileType = sourcecode.c.objc; explicitFileType = undefined; includeInIndex = 0; };
		B1FCC5B5183F4E91BA0AEBAB /* IonicKeyboard.h */ = {isa = PBXFileReference; name = "IonicKeyboard.h"; path = "ionic-plugin-keyboard/IonicKeyboard.h"; sourceTree = "<group>"; fileEncoding = 4; lastKnownFileType = sourcecode.c.h; explicitFileType = undefined; includeInIndex = 0; };
		8DC33A20608E4D44ADC8BECC /* QRScanner.swift */ = {isa = PBXFileReference; name = "QRScanner.swift"; path = "cordova-plugin-qrscanner/QRScanner.swift"; sourceTree = "<group>"; fileEncoding = 4; lastKnownFileType = sourcecode.swift; explicitFileType = undefined; includeInIndex = 0; };
		D41EC166ACC04D53A3F72B73 /* CDVWKWebViewEngine.m */ = {isa = PBXFileReference; name = "CDVWKWebViewEngine.m"; path = "cordova-plugin-ionic-webview/CDVWKWebViewEngine.m"; sourceTree = "<group>"; fileEncoding = 4; lastKnownFileType = sourcecode.c.objc; explicitFileType = undefined; includeInIndex = 0; };
		19B74EDA98D94672A76D7ED1 /* CDVWKWebViewUIDelegate.m */ = {isa = PBXFileReference; name = "CDVWKWebViewUIDelegate.m"; path = "cordova-plugin-ionic-webview/CDVWKWebViewUIDelegate.m"; sourceTree = "<group>"; fileEncoding = 4; lastKnownFileType = sourcecode.c.objc; explicitFileType = undefined; includeInIndex = 0; };
		BEC19B37DFEC44E4BC69A125 /* CDVWKProcessPoolFactory.m */ = {isa = PBXFileReference; name = "CDVWKProcessPoolFactory.m"; path = "cordova-plugin-ionic-webview/CDVWKProcessPoolFactory.m"; sourceTree = "<group>"; fileEncoding = 4; lastKnownFileType = sourcecode.c.objc; explicitFileType = undefined; includeInIndex = 0; };
		29D0071646874A4484460AB1 /* IONAssetHandler.m */ = {isa = PBXFileReference; name = "IONAssetHandler.m"; path = "cordova-plugin-ionic-webview/IONAssetHandler.m"; sourceTree = "<group>"; fileEncoding = 4; lastKnownFileType = sourcecode.c.objc; explicitFileType = undefined; includeInIndex = 0; };
		4CA1D2A4FB4F47C38868B5D6 /* CDVWKWebViewEngine.h */ = {isa = PBXFileReference; name = "CDVWKWebViewEngine.h"; path = "cordova-plugin-ionic-webview/CDVWKWebViewEngine.h"; sourceTree = "<group>"; fileEncoding = 4; lastKnownFileType = sourcecode.c.h; explicitFileType = undefined; includeInIndex = 0; };
		36B60B4843AD424981970017 /* CDVWKWebViewUIDelegate.h */ = {isa = PBXFileReference; name = "CDVWKWebViewUIDelegate.h"; path = "cordova-plugin-ionic-webview/CDVWKWebViewUIDelegate.h"; sourceTree = "<group>"; fileEncoding = 4; lastKnownFileType = sourcecode.c.h; explicitFileType = undefined; includeInIndex = 0; };
		0C47A67DAE7D4B928FB25006 /* CDVWKProcessPoolFactory.h */ = {isa = PBXFileReference; name = "CDVWKProcessPoolFactory.h"; path = "cordova-plugin-ionic-webview/CDVWKProcessPoolFactory.h"; sourceTree = "<group>"; fileEncoding = 4; lastKnownFileType = sourcecode.c.h; explicitFileType = undefined; includeInIndex = 0; };
		137B949838CA4618B57503FF /* IONAssetHandler.h */ = {isa = PBXFileReference; name = "IONAssetHandler.h"; path = "cordova-plugin-ionic-webview/IONAssetHandler.h"; sourceTree = "<group>"; fileEncoding = 4; lastKnownFileType = sourcecode.c.h; explicitFileType = undefined; includeInIndex = 0; };
		C773D6A962BB40E8BE7297C1 /* WebKit.framework */ = {isa = PBXFileReference; name = "WebKit.framework"; path = "System/Library/Frameworks/WebKit.framework"; sourceTree = SDKROOT; fileEncoding = undefined; lastKnownFileType = wrapper.framework; explicitFileType = undefined; includeInIndex = 0; };
		2BB587C8FBB74CE78785FDAC /* CDVSound.m */ = {isa = PBXFileReference; name = "CDVSound.m"; path = "cordova-plugin-media/CDVSound.m"; sourceTree = "<group>"; fileEncoding = 4; lastKnownFileType = sourcecode.c.objc; explicitFileType = undefined; includeInIndex = 0; };
		F8ED32380E054825BD996014 /* CDVSound.h */ = {isa = PBXFileReference; name = "CDVSound.h"; path = "cordova-plugin-media/CDVSound.h"; sourceTree = "<group>"; fileEncoding = 4; lastKnownFileType = sourcecode.c.h; explicitFileType = undefined; includeInIndex = 0; };
		CA6083CB8C4244A9A5A3B2E7 /* NfcPlugin.m */ = {isa = PBXFileReference; name = "NfcPlugin.m"; path = "phonegap-nfc/NfcPlugin.m"; sourceTree = "<group>"; fileEncoding = 4; lastKnownFileType = sourcecode.c.objc; explicitFileType = undefined; includeInIndex = 0; };
		306DA11AB57042FD983FDC89 /* NfcPlugin.h */ = {isa = PBXFileReference; name = "NfcPlugin.h"; path = "phonegap-nfc/NfcPlugin.h"; sourceTree = "<group>"; fileEncoding = 4; lastKnownFileType = sourcecode.c.h; explicitFileType = undefined; includeInIndex = 0; };
		C034CA3F4B8C41FE97EBAF98 /* CoreNFC.framework */ = {isa = PBXFileReference; name = "CoreNFC.framework"; path = "System/Library/Frameworks/CoreNFC.framework"; sourceTree = SDKROOT; fileEncoding = undefined; lastKnownFileType = wrapper.framework; explicitFileType = undefined; includeInIndex = 0; };
/* End PBXFileReference section */

/* Begin PBXFrameworksBuildPhase section */
		1D60588F0D05DD3D006BFB54 /* Frameworks */ = {
			isa = PBXFrameworksBuildPhase;
			buildActionMask = 2147483647;
			files = (
				301BF552109A68D80062928A /* libCordova.a in Frameworks */,
				9A11A71A07DC45A388B30335 /* QuartzCore.framework in Frameworks */,
				9C4FD41A22E64EFA9A44F2F1 /* AudioToolbox.framework in Frameworks */,
				C749FF8D0AFB49228EF330CD /* SystemConfiguration.framework in Frameworks */,
				AA6515D1D1844653958C3C1F /* CoreTelephony.framework in Frameworks */,
				D7BCD780166D44EE87DA0848 /* Security.framework in Frameworks */,
				AAA8AD39E65E43EA814DB6D5 /* LocalAuthentication.framework in Frameworks */,
				66B43B752B904D6684D2D741 /* WebKit.framework in Frameworks */,
				2BD84C2F336645D084A75834 /* CoreNFC.framework in Frameworks */,
			);
			runOnlyForDeploymentPostprocessing = 0;
		};
/* End PBXFrameworksBuildPhase section */

/* Begin PBXGroup section */
		080E96DDFE201D6D7F000001 /* Classes */ = {
			isa = PBXGroup;
			children = (
				302D95EE14D2391D003F00A1 /* MainViewController.h */,
				302D95EF14D2391D003F00A1 /* MainViewController.m */,
				302D95F014D2391D003F00A1 /* MainViewController.xib */,
				1D3623240D0F684500981E51 /* AppDelegate.h */,
				1D3623250D0F684500981E51 /* AppDelegate.m */,
			);
			name = Classes;
			path = "Bitcoin Black Wallet/Classes";
			sourceTree = SOURCE_ROOT;
		};
		19C28FACFE9D520D11CA2CBB /* Products */ = {
			isa = PBXGroup;
			children = (
				1D6058910D05DD3D006BFB54 /* Bitcoin Black Wallet.app */,
			);
			name = Products;
			sourceTree = "<group>";
		};
		29B97314FDCFA39411CA2CEA /* CustomTemplate */ = {
			isa = PBXGroup;
			children = (
				EB87FDF41871DAF40020F90C /* config.xml */,
				EB87FDF31871DA8E0020F90C /* www */,
				EB87FDF11871DA420020F90C /* Staging */,
				301BF52D109A57CC0062928A /* CordovaLib.xcodeproj */,
				080E96DDFE201D6D7F000001 /* Classes */,
				307C750510C5A3420062BCA9 /* Plugins */,
				29B97315FDCFA39411CA2CEA /* Other Sources */,
				29B97317FDCFA39411CA2CEA /* Resources */,
				29B97323FDCFA39411CA2CEA /* Frameworks */,
				19C28FACFE9D520D11CA2CBB /* Products */,
			);
			name = CustomTemplate;
			sourceTree = "<group>";
		};
		29B97315FDCFA39411CA2CEA /* Other Sources */ = {
			isa = PBXGroup;
			children = (
				32CA4F630368D1EE00C91783 /* Bitcoin Black Wallet-Prefix.pch */,
				29B97316FDCFA39411CA2CEA /* main.m */,
				ED33DF2A687741AEAF9F8254 /* Bridging-Header.h */,
			);
			name = "Other Sources";
			path = "Bitcoin Black Wallet";
			sourceTree = "<group>";
		};
		29B97317FDCFA39411CA2CEA /* Resources */ = {
			isa = PBXGroup;
			children = (
				0207DA571B56EA530066E2B4 /* Images.xcassets */,
				3047A50E1AB8057F00498E2A /* config */,
				8D1107310486CEB800E47090 /* Bitcoin Black Wallet-Info.plist */,
				6AFF5BF81D6E424B00AB3073 /* CDVLaunchScreen.storyboard */,
				61A9118AFB0443EFA44C8E2B /* CDVNotification.bundle */,
			);
			name = Resources;
			path = "Bitcoin Black Wallet/Resources";
			sourceTree = "<group>";
		};
		29B97323FDCFA39411CA2CEA /* Frameworks */ = {
			isa = PBXGroup;
			children = (
				B70285745D89432AB4A8EF11 /* QuartzCore.framework */,
				0F8CEC2E3EBB4AE59AB51C8B /* AudioToolbox.framework */,
				EB25274F2AF34405AE56EF79 /* SystemConfiguration.framework */,
				13A184FE6C634930902E678C /* CoreTelephony.framework */,
				23491C9FADA44EAFAC976610 /* Security.framework */,
				A712BB015BB84A1FB37D532A /* LocalAuthentication.framework */,
				C773D6A962BB40E8BE7297C1 /* WebKit.framework */,
				C034CA3F4B8C41FE97EBAF98 /* CoreNFC.framework */,
			);
			name = Frameworks;
			sourceTree = "<group>";
		};
		301BF52E109A57CC0062928A /* Products */ = {
			isa = PBXGroup;
			children = (
				301BF535109A57CC0062928A /* libCordova.a */,
				907D8124214C687600058A10 /* Cordova.framework */,
			);
			name = Products;
			sourceTree = "<group>";
		};
		3047A50E1AB8057F00498E2A /* config */ = {
			isa = PBXGroup;
			children = (
				3047A50F1AB8059700498E2A /* build-debug.xcconfig */,
				3047A5101AB8059700498E2A /* build-release.xcconfig */,
				3047A5111AB8059700498E2A /* build.xcconfig */,
			);
			name = config;
			sourceTree = "<group>";
		};
		307C750510C5A3420062BCA9 /* Plugins */ = {
			isa = PBXGroup;
			children = (
				4293CF95982C432E923BC76F /* CDVDevice.m */,
				E88AB84D8BCF481D9032959F /* CDVDevice.h */,
				3970CC4488A347FA81D83D38 /* CDVGlobalization.m */,
				2303F58354B14735A49147F3 /* CDVGlobalization.h */,
				7AC9A221CD1142A284FF36D6 /* CDVSplashScreen.m */,
				BCA9C0481B1045BC9E9DE41C /* CDVViewController+SplashScreen.m */,
				122241E891F04368AEB327B7 /* CDVSplashScreen.h */,
				267BF55AC4DF4E3A8542D8AF /* CDVViewController+SplashScreen.h */,
				3CFD8FA3B7C14AEEB3BB00B3 /* CDVStatusBar.m */,
				612C10DB3D2A4ADD9EFA553F /* CDVStatusBar.h */,
				F796EAB8F6FA473E848FD3DD /* CDVInAppBrowser.m */,
				B7B33F5B0788499387A856B5 /* CDVInAppBrowserOptions.m */,
				94CA9843835E4106B636DB8D /* CDVInAppBrowserNavigationController.m */,
				4049EE400F6F47B397B81FB3 /* CDVUIInAppBrowser.m */,
				3BD2FFFDD1014BC58A54DAC6 /* CDVWKInAppBrowser.m */,
				A067D424A6F5441C9077978E /* CDVWKInAppBrowserUIDelegate.m */,
				819F7AAA784D47918F40E8B5 /* CDVInAppBrowser.h */,
				12CC03C61C0B478E9CDBC223 /* CDVInAppBrowserOptions.h */,
				9729587DABED4A59BDBF83F0 /* CDVInAppBrowserNavigationController.h */,
				66F7250A3A1F4011967AE3E9 /* CDVUIInAppBrowser.h */,
				162BDE09D6684A0E8AD803D9 /* CDVWKInAppBrowser.h */,
				A6AE9A10A89A49EFB9A1C3A6 /* CDVWKInAppBrowserUIDelegate.h */,
				07994E350797456994222DB9 /* Toast+UIView.m */,
				5AE38040C5214AD2B1FF22E9 /* Toast.m */,
				90EA402507D440AA8A551F8F /* Toast+UIView.h */,
				61DBC975A68C4963B2F4E1CB /* Toast.h */,
				00A1A59E38C5477CABF871E2 /* CDVClipboard.m */,
				3171D7871EAE42EEAFD33287 /* CDVClipboard.h */,
				7F66868DB55D4E849B83C529 /* CDVSpinnerDialog.m */,
				2ADFF4F73E9F46629D2BF0F0 /* CDVSpinnerDialog.h */,
				EA96177C4E314349BEFB3C03 /* CDVNotification.m */,
				52C153DA208C4141B3120D66 /* CDVNotification.h */,
				202E3A7277A443A0B18AF689 /* CDVConnection.m */,
				E0330BC4B5CB445BB6B6915E /* CDVReachability.m */,
				E74790F3B4E54C8C9C920D95 /* CDVConnection.h */,
				1769CEE320C541BA95F800DF /* CDVReachability.h */,
				C0ED3CD98597495ABA674C85 /* UICKeyChainStore.m */,
				C50B79C9BF094DAD84C7FD6F /* CDVUniqueDeviceID.m */,
				639F896EB9EB4895876D9730 /* UICKeyChainStore.h */,
				36BF2F139E5A4ACEB59D46EC /* CDVUniqueDeviceID.h */,
				F4E33969B70E408780461BA9 /* CDVFile.m */,
				3582E430A57249699AED74D8 /* CDVLocalFilesystem.m */,
				A655872B76E74A079B7F48A9 /* CDVAssetLibraryFilesystem.m */,
				EF5E1087C4B444E49B545CA4 /* CDVFile.h */,
				F93323105C084FB4AABC6BB8 /* CDVLocalFilesystem.h */,
				4B59C7FAD02C4CBE88C82B14 /* CDVAssetLibraryFilesystem.h */,
				9578FF224238455390F453ED /* TouchID.m */,
				F622B6AE4F9C4BAD805DD43D /* TouchID.h */,
				672675202CB14C809CCB969E /* CDVOrientation.m */,
				D4C70F37B1F0497C8D6E0D33 /* CDVOrientation.h */,
				A8BFBC7ACA294F988FDE1D7B /* IonicKeyboard.m */,
				B1FCC5B5183F4E91BA0AEBAB /* IonicKeyboard.h */,
				8DC33A20608E4D44ADC8BECC /* QRScanner.swift */,
				D41EC166ACC04D53A3F72B73 /* CDVWKWebViewEngine.m */,
				19B74EDA98D94672A76D7ED1 /* CDVWKWebViewUIDelegate.m */,
				BEC19B37DFEC44E4BC69A125 /* CDVWKProcessPoolFactory.m */,
				29D0071646874A4484460AB1 /* IONAssetHandler.m */,
				4CA1D2A4FB4F47C38868B5D6 /* CDVWKWebViewEngine.h */,
				36B60B4843AD424981970017 /* CDVWKWebViewUIDelegate.h */,
				0C47A67DAE7D4B928FB25006 /* CDVWKProcessPoolFactory.h */,
				137B949838CA4618B57503FF /* IONAssetHandler.h */,
				2BB587C8FBB74CE78785FDAC /* CDVSound.m */,
				F8ED32380E054825BD996014 /* CDVSound.h */,
				CA6083CB8C4244A9A5A3B2E7 /* NfcPlugin.m */,
				306DA11AB57042FD983FDC89 /* NfcPlugin.h */,
			);
			name = Plugins;
			path = "Bitcoin Black Wallet/Plugins";
			sourceTree = SOURCE_ROOT;
		};
		EB87FDF11871DA420020F90C /* Staging */ = {
			isa = PBXGroup;
			children = (
				F840E1F0165FE0F500CFE078 /* config.xml */,
				301BF56E109A69640062928A /* www */,
			);
			name = Staging;
			sourceTree = "<group>";
		};
/* End PBXGroup section */

/* Begin PBXNativeTarget section */
		1D6058900D05DD3D006BFB54 /* Bitcoin Black Wallet */ = {
			isa = PBXNativeTarget;
			buildConfigurationList = 1D6058960D05DD3E006BFB54 /* Build configuration list for PBXNativeTarget "Bitcoin Black Wallet" */;
			buildPhases = (
				304B58A110DAC018002A0835 /* Copy www directory */,
				1D60588D0D05DD3D006BFB54 /* Resources */,
				1D60588E0D05DD3D006BFB54 /* Sources */,
				1D60588F0D05DD3D006BFB54 /* Frameworks */,
			);
			buildRules = (
			);
			dependencies = (
				301BF551109A68C00062928A /* PBXTargetDependency */,
			);
			name = "Bitcoin Black Wallet";
			productName = "Bitcoin Black Wallet";
			productReference = 1D6058910D05DD3D006BFB54 /* Bitcoin Black Wallet.app */;
			productType = "com.apple.product-type.application";
		};
/* End PBXNativeTarget section */

/* Begin PBXProject section */
		29B97313FDCFA39411CA2CEA /* Project object */ = {
			isa = PBXProject;
			attributes = {
				LastUpgradeCheck = 510;
				TargetAttributes = {
					1D6058900D05DD3D006BFB54 = {
						ProvisioningStyle = Automatic;
					};
				};
			};
			buildConfigurationList = C01FCF4E08A954540054247B /* Build configuration list for PBXProject "Bitcoin Black Wallet" */;
			compatibilityVersion = "Xcode 3.2";
			developmentRegion = English;
			hasScannedForEncodings = 1;
			mainGroup = 29B97314FDCFA39411CA2CEA /* CustomTemplate */;
			projectDirPath = "";
			projectReferences = (
				{
					ProductGroup = 301BF52E109A57CC0062928A /* Products */;
					ProjectRef = 301BF52D109A57CC0062928A /* CordovaLib.xcodeproj */;
				},
			);
			projectRoot = "";
			targets = (
				1D6058900D05DD3D006BFB54 /* Bitcoin Black Wallet */,
			);
		};
/* End PBXProject section */

/* Begin PBXReferenceProxy section */
		301BF535109A57CC0062928A /* libCordova.a */ = {
			isa = PBXReferenceProxy;
			fileType = archive.ar;
			path = libCordova.a;
			remoteRef = 301BF534109A57CC0062928A /* PBXContainerItemProxy */;
			sourceTree = BUILT_PRODUCTS_DIR;
		};
		907D8124214C687600058A10 /* Cordova.framework */ = {
			isa = PBXReferenceProxy;
			fileType = wrapper.framework;
			path = Cordova.framework;
			remoteRef = 907D8123214C687600058A10 /* PBXContainerItemProxy */;
			sourceTree = BUILT_PRODUCTS_DIR;
		};
/* End PBXReferenceProxy section */

/* Begin PBXResourcesBuildPhase section */
		1D60588D0D05DD3D006BFB54 /* Resources */ = {
			isa = PBXResourcesBuildPhase;
			buildActionMask = 2147483647;
			files = (
				302D95F214D2391D003F00A1 /* MainViewController.xib in Resources */,
				0207DA581B56EA530066E2B4 /* Images.xcassets in Resources */,
				6AFF5BF91D6E424B00AB3073 /* CDVLaunchScreen.storyboard in Resources */,
				19AA3D6AC59B4B3CACC225FE /* CDVNotification.bundle in Resources */,
			);
			runOnlyForDeploymentPostprocessing = 0;
		};
/* End PBXResourcesBuildPhase section */

/* Begin PBXShellScriptBuildPhase section */
		304B58A110DAC018002A0835 /* Copy www directory */ = {
			isa = PBXShellScriptBuildPhase;
			buildActionMask = 2147483647;
			files = (
			);
			inputPaths = (
			);
			name = "Copy www directory";
			outputPaths = (
			);
			runOnlyForDeploymentPostprocessing = 0;
			shellPath = /bin/sh;
			shellScript = "NODEJS_PATH=/usr/local/bin; NVM_NODE_PATH=~/.nvm/versions/node/`nvm version 2>/dev/null`/bin; N_NODE_PATH=`find /usr/local/n/versions/node/* -maxdepth 0 -type d 2>/dev/null | tail -1`/bin; XCODE_NODE_PATH=`xcode-select --print-path`/usr/share/xcs/Node/bin; PATH=$NODEJS_PATH:$NVM_NODE_PATH:$N_NODE_PATH:$XCODE_NODE_PATH:$PATH && node cordova/lib/copy-www-build-step.js";
			showEnvVarsInLog = 0;
		};
/* End PBXShellScriptBuildPhase section */

/* Begin PBXSourcesBuildPhase section */
		1D60588E0D05DD3D006BFB54 /* Sources */ = {
			isa = PBXSourcesBuildPhase;
			buildActionMask = 2147483647;
			files = (
				1D60589B0D05DD56006BFB54 /* main.m in Sources */,
				1D3623260D0F684500981E51 /* AppDelegate.m in Sources */,
				302D95F114D2391D003F00A1 /* MainViewController.m in Sources */,
				654EA02198C846609BBF5851 /* CDVDevice.m in Sources */,
				0B89D53B04954109BFADB6BD /* CDVGlobalization.m in Sources */,
				AC7D19CAB8D842E9B25D0AC4 /* CDVSplashScreen.m in Sources */,
				6A4C438AB7A347129087C9A0 /* CDVViewController+SplashScreen.m in Sources */,
				E1B6EAD6B1FA4FB0BEBA2BD7 /* CDVStatusBar.m in Sources */,
				B82E89533C8C469E8D7DC15A /* CDVInAppBrowser.m in Sources */,
				E31A31401F1F4E02AD45B4FF /* CDVInAppBrowserOptions.m in Sources */,
				2533743563A148E28042B527 /* CDVInAppBrowserNavigationController.m in Sources */,
				9EFA9995F35244E0B1AD0D32 /* CDVUIInAppBrowser.m in Sources */,
				D1DFDDDEF6AF4D7AABC4252B /* CDVWKInAppBrowser.m in Sources */,
				238E4BE116414174B3DBC1B1 /* CDVWKInAppBrowserUIDelegate.m in Sources */,
				8420ACD5036D4863AC4CCBD3 /* Toast+UIView.m in Sources */,
				2192B455174243A885BD81F2 /* Toast.m in Sources */,
				5288126E3C72403DB2D01818 /* CDVClipboard.m in Sources */,
				4B31E97D6CCF4C4BA17BDC17 /* CDVSpinnerDialog.m in Sources */,
				CEA50B7050114B14994B33B1 /* CDVNotification.m in Sources */,
				5497A98D0F8D48CE9A3C320B /* CDVConnection.m in Sources */,
				0B85076432D54B3686EF7700 /* CDVReachability.m in Sources */,
				1D16F13A4ADD41F68A041123 /* UICKeyChainStore.m in Sources */,
				7C8E6BFFC35745E9AFAB8CF2 /* CDVUniqueDeviceID.m in Sources */,
				07EBFA64A10941AA84EE12A0 /* CDVFile.m in Sources */,
				13975E75822C4BA7821308D3 /* CDVLocalFilesystem.m in Sources */,
				9485E7E441DF40F794590AF1 /* CDVAssetLibraryFilesystem.m in Sources */,
				41F569576AC84737BF9F2C10 /* TouchID.m in Sources */,
				1CEC49314EF245349CEAD0E5 /* CDVOrientation.m in Sources */,
				4BF599C14C5943C2AE1AA380 /* IonicKeyboard.m in Sources */,
				0F704F7D6BF54B6EA9B5F4EB /* QRScanner.swift in Sources */,
				2267586F249B435AB55AA9D9 /* CDVWKWebViewEngine.m in Sources */,
				4E6130D9CA504D61977C0997 /* CDVWKWebViewUIDelegate.m in Sources */,
				3DA70E7454A44AD49DD21FC2 /* CDVWKProcessPoolFactory.m in Sources */,
				885DCDF8F4214D3ABF367D48 /* IONAssetHandler.m in Sources */,
				B72629CE5F3A41CBB36495DE /* CDVSound.m in Sources */,
				85C23182A094462B895CBDBE /* NfcPlugin.m in Sources */,
			);
			runOnlyForDeploymentPostprocessing = 0;
		};
/* End PBXSourcesBuildPhase section */

/* Begin PBXTargetDependency section */
		301BF551109A68C00062928A /* PBXTargetDependency */ = {
			isa = PBXTargetDependency;
			name = CordovaLib;
			targetProxy = 301BF550109A68C00062928A /* PBXContainerItemProxy */;
		};
/* End PBXTargetDependency section */

/* Begin XCBuildConfiguration section */
		1D6058940D05DD3E006BFB54 /* Debug */ = {
			isa = XCBuildConfiguration;
			baseConfigurationReference = 3047A50F1AB8059700498E2A /* build-debug.xcconfig */;
			buildSettings = {
				ALWAYS_SEARCH_USER_PATHS = NO;
				ASSETCATALOG_COMPILER_APPICON_NAME = AppIcon;
				CLANG_ENABLE_MODULES = YES;
				CLANG_ENABLE_OBJC_ARC = YES;
				COPY_PHASE_STRIP = NO;
				GCC_DYNAMIC_NO_PIC = NO;
				GCC_OPTIMIZATION_LEVEL = 0;
				GCC_PRECOMPILE_PREFIX_HEADER = YES;
				GCC_PREFIX_HEADER = "Bitcoin Black Wallet/Bitcoin Black Wallet-Prefix.pch";
				GCC_THUMB_SUPPORT = NO;
				GCC_VERSION = "";
				INFOPLIST_FILE = "Bitcoin Black Wallet/Bitcoin Black Wallet-Info.plist";
				IPHONEOS_DEPLOYMENT_TARGET = 11.0;
				LD_RUNPATH_SEARCH_PATHS = "@executable_path/Frameworks";
				PRODUCT_BUNDLE_IDENTIFIER = com.bcbcanoe.bitcoinblack;
				PRODUCT_NAME = "$(TARGET_NAME)";
				TARGETED_DEVICE_FAMILY = "1,2";
			};
			name = Debug;
		};
		1D6058950D05DD3E006BFB54 /* Release */ = {
			isa = XCBuildConfiguration;
			baseConfigurationReference = 3047A5101AB8059700498E2A /* build-release.xcconfig */;
			buildSettings = {
				ALWAYS_SEARCH_USER_PATHS = NO;
				ASSETCATALOG_COMPILER_APPICON_NAME = AppIcon;
				CLANG_ENABLE_MODULES = YES;
				CLANG_ENABLE_OBJC_ARC = YES;
				COPY_PHASE_STRIP = YES;
				GCC_PRECOMPILE_PREFIX_HEADER = YES;
				GCC_PREFIX_HEADER = "Bitcoin Black Wallet/Bitcoin Black Wallet-Prefix.pch";
				GCC_THUMB_SUPPORT = NO;
				GCC_VERSION = "";
				INFOPLIST_FILE = "Bitcoin Black Wallet/Bitcoin Black Wallet-Info.plist";
				IPHONEOS_DEPLOYMENT_TARGET = 11.0;
				LD_RUNPATH_SEARCH_PATHS = "@executable_path/Frameworks";
				PRODUCT_BUNDLE_IDENTIFIER = com.bcbcanoe.bitcoinblack;
				PRODUCT_NAME = "$(TARGET_NAME)";
				TARGETED_DEVICE_FAMILY = "1,2";
			};
			name = Release;
		};
		C01FCF4F08A954540054247B /* Debug */ = {
			isa = XCBuildConfiguration;
			baseConfigurationReference = 3047A5111AB8059700498E2A /* build.xcconfig */;
			buildSettings = {
				CLANG_ENABLE_MODULES = YES;
				CLANG_ENABLE_OBJC_ARC = YES;
				CLANG_WARN_BLOCK_CAPTURE_AUTORELEASING = YES;
				CLANG_WARN_BOOL_CONVERSION = YES;
				CLANG_WARN_COMMA = YES;
				CLANG_WARN_CONSTANT_CONVERSION = YES;
				CLANG_WARN_DEPRECATED_OBJC_IMPLEMENTATIONS = YES;
				CLANG_WARN_EMPTY_BODY = YES;
				CLANG_WARN_ENUM_CONVERSION = YES;
				CLANG_WARN_INFINITE_RECURSION = YES;
				CLANG_WARN_INT_CONVERSION = YES;
				CLANG_WARN_NON_LITERAL_NULL_CONVERSION = YES;
				CLANG_WARN_OBJC_IMPLICIT_RETAIN_SELF = YES;
				CLANG_WARN_OBJC_LITERAL_CONVERSION = YES;
				CLANG_WARN_RANGE_LOOP_ANALYSIS = YES;
				CLANG_WARN_STRICT_PROTOTYPES = YES;
				CLANG_WARN_SUSPICIOUS_MOVE = YES;
				CLANG_WARN_UNREACHABLE_CODE = YES;
				CLANG_WARN__DUPLICATE_METHOD_MATCH = YES;
				ENABLE_STRICT_OBJC_MSGSEND = YES;
				ENABLE_TESTABILITY = YES;
				GCC_C_LANGUAGE_STANDARD = c99;
				GCC_NO_COMMON_BLOCKS = YES;
				GCC_THUMB_SUPPORT = NO;
				GCC_VERSION = "";
				GCC_WARN_64_TO_32_BIT_CONVERSION = YES;
				GCC_WARN_ABOUT_RETURN_TYPE = YES;
				GCC_WARN_UNDECLARED_SELECTOR = YES;
				GCC_WARN_UNINITIALIZED_AUTOS = YES;
				GCC_WARN_UNUSED_FUNCTION = YES;
				GCC_WARN_UNUSED_VARIABLE = YES;
				ONLY_ACTIVE_ARCH = YES;
				SDKROOT = iphoneos;
				SKIP_INSTALL = NO;
				PRODUCT_BUNDLE_IDENTIFIER = com.bcbcanoe.bitcoinblack;
				IPHONEOS_DEPLOYMENT_TARGET = 11.0;
			};
			name = Debug;
		};
		C01FCF5008A954540054247B /* Release */ = {
			isa = XCBuildConfiguration;
			baseConfigurationReference = 3047A5111AB8059700498E2A /* build.xcconfig */;
			buildSettings = {
				CLANG_ENABLE_MODULES = YES;
				CLANG_ENABLE_OBJC_ARC = YES;
				CLANG_WARN_BLOCK_CAPTURE_AUTORELEASING = YES;
				CLANG_WARN_BOOL_CONVERSION = YES;
				CLANG_WARN_COMMA = YES;
				CLANG_WARN_CONSTANT_CONVERSION = YES;
				CLANG_WARN_DEPRECATED_OBJC_IMPLEMENTATIONS = YES;
				CLANG_WARN_EMPTY_BODY = YES;
				CLANG_WARN_ENUM_CONVERSION = YES;
				CLANG_WARN_INFINITE_RECURSION = YES;
				CLANG_WARN_INT_CONVERSION = YES;
				CLANG_WARN_NON_LITERAL_NULL_CONVERSION = YES;
				CLANG_WARN_OBJC_IMPLICIT_RETAIN_SELF = YES;
				CLANG_WARN_OBJC_LITERAL_CONVERSION = YES;
				CLANG_WARN_RANGE_LOOP_ANALYSIS = YES;
				CLANG_WARN_STRICT_PROTOTYPES = YES;
				CLANG_WARN_SUSPICIOUS_MOVE = YES;
				CLANG_WARN_UNREACHABLE_CODE = YES;
				CLANG_WARN__DUPLICATE_METHOD_MATCH = YES;
				ENABLE_STRICT_OBJC_MSGSEND = YES;
				GCC_C_LANGUAGE_STANDARD = c99;
				GCC_NO_COMMON_BLOCKS = YES;
				GCC_THUMB_SUPPORT = NO;
				GCC_VERSION = "";
				GCC_WARN_64_TO_32_BIT_CONVERSION = YES;
				GCC_WARN_ABOUT_RETURN_TYPE = YES;
				GCC_WARN_UNDECLARED_SELECTOR = YES;
				GCC_WARN_UNINITIALIZED_AUTOS = YES;
				GCC_WARN_UNUSED_FUNCTION = YES;
				GCC_WARN_UNUSED_VARIABLE = YES;
				SDKROOT = iphoneos;
				SKIP_INSTALL = NO;
				PRODUCT_BUNDLE_IDENTIFIER = com.bcbcanoe.bitcoinblack;
				IPHONEOS_DEPLOYMENT_TARGET = 11.0;
			};
			name = Release;
		};
/* End XCBuildConfiguration section */

/* Begin XCConfigurationList section */
		1D6058960D05DD3E006BFB54 /* Build configuration list for PBXNativeTarget "Bitcoin Black Wallet" */ = {
			isa = XCConfigurationList;
			buildConfigurations = (
				1D6058940D05DD3E006BFB54 /* Debug */,
				1D6058950D05DD3E006BFB54 /* Release */,
			);
			defaultConfigurationIsVisible = 0;
			defaultConfigurationName = Release;
		};
		C01FCF4E08A954540054247B /* Build configuration list for PBXProject "Bitcoin Black Wallet" */ = {
			isa = XCConfigurationList;
			buildConfigurations = (
				C01FCF4F08A954540054247B /* Debug */,
				C01FCF5008A954540054247B /* Release */,
			);
			defaultConfigurationIsVisible = 0;
			defaultConfigurationName = Release;
		};
/* End XCConfigurationList section */
	};
	rootObject = 29B97313FDCFA39411CA2CEA /* Project object */;
}
